
Microsoft Visual Studio Solution File, Format Version 12.00
# Visual Studio 15
VisualStudioVersion = 15.0.27703.2042
MinimumVisualStudioVersion = 10.0.40219.1
Project("{9A19103F-16F7-4668-BE54-9A1E7A4F7556}") = "Book Trading Club", "Book Trading Club\Book Trading Club.csproj", "{1EE0C425-2CF4-4913-8529-F8994F8082C8}"
EndProject
Global
	GlobalSection(SolutionConfigurationPlatforms) = preSolution
		Debug|Any CPU = Debug|Any CPU
		Release|Any CPU = Release|Any CPU
	EndGlobalSection
	GlobalSection(ProjectConfigurationPlatforms) = postSolution
		{1EE0C425-2CF4-4913-8529-F8994F8082C8}.Debug|Any CPU.ActiveCfg = Debug|Any CPU
		{1EE0C425-2CF4-4913-8529-F8994F8082C8}.Debug|Any CPU.Build.0 = Debug|Any CPU
		{1EE0C425-2CF4-4913-8529-F8994F8082C8}.Release|Any CPU.ActiveCfg = Release|Any CPU
		{1EE0C425-2CF4-4913-8529-F8994F8082C8}.Release|Any CPU.Build.0 = Release|Any CPU
	EndGlobalSection
	GlobalSection(SolutionProperties) = preSolution
		HideSolutionNode = FALSE
	EndGlobalSection
	GlobalSection(ExtensibilityGlobals) = postSolution
		SolutionGuid = {08BFAA08-0F4C-4493-B649-21BF961294C2}
	EndGlobalSection
EndGlobal
